
Microsoft Visual Studio Solution File, Format Version 11.00
# Visual Studio 2010
Project("{FAE04EC0-301F-11D3-BF4B-00C04F79EFBC}") = "DesktopApp", "DesktopApp.csproj", "{94918F3F-F25A-4CC9-8777-BEE7C2124579}"
EndProject
Global
	GlobalSection(SolutionConfigurationPlatforms) = preSolution
		Debug|x86 = Debug|x86
		Release|x86 = Release|x86
	EndGlobalSection
	GlobalSection(ProjectConfigurationPlatforms) = postSolution
		{94918F3F-F25A-4CC9-8777-BEE7C2124579}.Debug|x86.ActiveCfg = Debug|x86
		{94918F3F-F25A-4CC9-8777-BEE7C2124579}.Debug|x86.Build.0 = Debug|x86
		{94918F3F-F25A-4CC9-8777-BEE7C2124579}.Release|x86.ActiveCfg = Release|x86
		{94918F3F-F25A-4CC9-8777-BEE7C2124579}.Release|x86.Build.0 = Release|x86
	EndGlobalSection
	GlobalSection(SolutionProperties) = preSolution
		HideSolutionNode = FALSE
	EndGlobalSection
EndGlobal
